
Microsoft Visual Studio Solution File, Format Version 12.00
# Visual Studio 2012
Project("{FAE04EC0-301F-11D3-BF4B-00C04F79EFBC}") = "BookCreator", "BookCreator\BookCreator.csproj", "{D063ACEE-AB3C-4D88-AE0A-B2913B89FA0C}"
EndProject
Global
	GlobalSection(SolutionConfigurationPlatforms) = preSolution
		Debug|Any CPU = Debug|Any CPU
		Release|Any CPU = Release|Any CPU
	EndGlobalSection
	GlobalSection(ProjectConfigurationPlatforms) = postSolution
		{D063ACEE-AB3C-4D88-AE0A-B2913B89FA0C}.Debug|Any CPU.ActiveCfg = Debug|Any CPU
		{D063ACEE-AB3C-4D88-AE0A-B2913B89FA0C}.Debug|Any CPU.Build.0 = Debug|Any CPU
		{D063ACEE-AB3C-4D88-AE0A-B2913B89FA0C}.Release|Any CPU.ActiveCfg = Release|Any CPU
		{D063ACEE-AB3C-4D88-AE0A-B2913B89FA0C}.Release|Any CPU.Build.0 = Release|Any CPU
	EndGlobalSection
	GlobalSection(SolutionProperties) = preSolution
		HideSolutionNode = FALSE
	EndGlobalSection
EndGlobal
